github.com/gaurav-mangat/dog v0.0.0-20240719051629-531b521f5ba2 h1:4T72aw8STZZ/HF5Vb54+EuzRtkgMVqBvvfwerri4p7Q=
github.com/gaurav-mangat/dog v0.0.0-20240719051629-531b521f5ba2/go.mod h1:7OmqM3lyDZA/cSREbQzv+OPSMbpT0hczW30Hj88rbsE=
github.com/gaurav-mangat/dog v0.0.0-20240720142321-eabb501123b2 h1:B6dSmcO6FnLnGcMjZ28PnFuzFRzGGz8YnxiIfLIf41k=
github.com/gaurav-mangat/dog v0.0.0-20240720142321-eabb501123b2/go.mod h1:7OmqM3lyDZA/cSREbQzv+OPSMbpT0hczW30Hj88rbsE=
github.com/gaurav-mangat/puppy v0.0.0-20240718101000-df8b40809b00 h1:JnXg+JpD/xuJK/OS2aMVatJf1853LnYiEZZUBo5cpyc=
github.com/gaurav-mangat/puppy v0.0.0-20240718101000-df8b40809b00/go.mod h1:i7dQi+jyhAe6fw4aCYsw60l5emII55rNF7GoijOgR+4=
github.com/gaurav-mangat/puppy v0.0.0-20240718170642-c5700765ba80 h1:IrAgM/6MUN0bG6A3NACvk46GJdcdW0fakXUuMGCwBHg=
github.com/gaurav-mangat/puppy v0.0.0-20240718170642-c5700765ba80/go.mod h1:UBm3sDMaZq5+DjC4ziz12twoMColK3+y57MGwFqxQC8=
github.com/gaurav-mangat/puppy v0.0.0-20240720141307-adf2a51f4053 h1:/8TuutfUMJM/XrS4ty2GhJsD9jv4V8JQtWIhVW0I7b4=
github.com/gaurav-mangat/puppy v0.0.0-20240720141307-adf2a51f4053/go.mod h1:VnKQmH+nMZJPu2da2frr/UgBuh3ZVa58Fr2r6Zg/R1U=
github.com/gaurav-mangat/puppy v0.0.0-20240720143044-cde59a6c95d7 h1:yGru0V15KvJZRlrbESqRkpoGCN0wwrWQGmC5nGJrARg=
github.com/gaurav-mangat/puppy v0.0.0-20240720143044-cde59a6c95d7/go.mod h1:TTbtkW32paRb5qOvqLsCFF1AIpEIhl7f57g5sgPXx0s=
